// !$*UTF8*$!
{
	archiveVersion = 1;
	classes = {
	};
	objectVersion = 55;
	objects = {

/* Begin PBXBuildFile section */
		26B274B9421EDBA7302DE8A5 /* Pods_TBT.framework in Frameworks */ = {isa = PBXBuildFile; fileRef = 3E84C446F20891F818070D3B /* Pods_TBT.framework */; };
		C8AC1462284EF9ED00E6FC1E /* AppDelegate.m in Sources */ = {isa = PBXBuildFile; fileRef = C8AC1461284EF9ED00E6FC1E /* AppDelegate.m */; };
		C8AC146D284EF9EF00E6FC1E /* Assets.xcassets in Resources */ = {isa = PBXBuildFile; fileRef = C8AC146C284EF9EF00E6FC1E /* Assets.xcassets */; };
		C8AC1470284EF9EF00E6FC1E /* LaunchScreen.storyboard in Resources */ = {isa = PBXBuildFile; fileRef = C8AC146E284EF9EF00E6FC1E /* LaunchScreen.storyboard */; };
		C8AC1473284EF9EF00E6FC1E /* main.m in Sources */ = {isa = PBXBuildFile; fileRef = C8AC1472284EF9EF00E6FC1E /* main.m */; };
		C8AC147B284EFA7B00E6FC1E /* TBTMainViewController.m in Sources */ = {isa = PBXBuildFile; fileRef = C8AC147A284EFA7B00E6FC1E /* TBTMainViewController.m */; };
		C8AC147D284EFB6200E6FC1E /* Main.storyboard in Resources */ = {isa = PBXBuildFile; fileRef = C8AC147C284EFB6200E6FC1E /* Main.storyboard */; };
/* End PBXBuildFile section */

/* Begin PBXFileReference section */
		3E84C446F20891F818070D3B /* Pods_TBT.framework */ = {isa = PBXFileReference; explicitFileType = wrapper.framework; includeInIndex = 0; path = Pods_TBT.framework; sourceTree = BUILT_PRODUCTS_DIR; };
		56D5C00607CD02F0F319C6AB /* Pods-TBT.release.xcconfig */ = {isa = PBXFileReference; includeInIndex = 1; lastKnownFileType = text.xcconfig; name = "Pods-TBT.release.xcconfig"; path = "Target Support Files/Pods-TBT/Pods-TBT.release.xcconfig"; sourceTree = "<group>"; };
		6BFF4C7909C63E3698D3488B /* Pods-TBT.debug.xcconfig */ = {isa = PBXFileReference; includeInIndex = 1; lastKnownFileType = text.xcconfig; name = "Pods-TBT.debug.xcconfig"; path = "Target Support Files/Pods-TBT/Pods-TBT.debug.xcconfig"; sourceTree = "<group>"; };
		C8AC145D284EF9ED00E6FC1E /* TBT.app */ = {isa = PBXFileReference; explicitFileType = wrapper.application; includeInIndex = 0; path = TBT.app; sourceTree = BUILT_PRODUCTS_DIR; };
		C8AC1460284EF9ED00E6FC1E /* AppDelegate.h */ = {isa = PBXFileReference; lastKnownFileType = sourcecode.c.h; path = AppDelegate.h; sourceTree = "<group>"; };
		C8AC1461284EF9ED00E6FC1E /* AppDelegate.m */ = {isa = PBXFileReference; lastKnownFileType = sourcecode.c.objc; path = AppDelegate.m; sourceTree = "<group>"; };
		C8AC146C284EF9EF00E6FC1E /* Assets.xcassets */ = {isa = PBXFileReference; lastKnownFileType = folder.assetcatalog; path = Assets.xcassets; sourceTree = "<group>"; };
		C8AC146F284EF9EF00E6FC1E /* Base */ = {isa = PBXFileReference; lastKnownFileType = file.storyboard; name = Base; path = Base.lproj/LaunchScreen.storyboard; sourceTree = "<group>"; };
		C8AC1471284EF9EF00E6FC1E /* Info.plist */ = {isa = PBXFileReference; lastKnownFileType = text.plist.xml; path = Info.plist; sourceTree = "<group>"; };
		C8AC1472284EF9EF00E6FC1E /* main.m */ = {isa = PBXFileReference; lastKnownFileType = sourcecode.c.objc; path = main.m; sourceTree = "<group>"; };
		C8AC1479284EFA7A00E6FC1E /* TBTMainViewController.h */ = {isa = PBXFileReference; lastKnownFileType = sourcecode.c.h; path = TBTMainViewController.h; sourceTree = "<group>"; };
		C8AC147A284EFA7B00E6FC1E /* TBTMainViewController.m */ = {isa = PBXFileReference; lastKnownFileType = sourcecode.c.objc; path = TBTMainViewController.m; sourceTree = "<group>"; };
		C8AC147C284EFB6200E6FC1E /* Main.storyboard */ = {isa = PBXFileReference; fileEncoding = 4; lastKnownFileType = file.storyboard; path = Main.storyboard; sourceTree = "<group>"; };
		C8AC1483284F259E00E6FC1E /* TBTInterfaceHeader.h */ = {isa = PBXFileReference; lastKnownFileType = sourcecode.c.h; path = TBTInterfaceHeader.h; sourceTree = "<group>"; };
/* End PBXFileReference section */

/* Begin PBXFrameworksBuildPhase section */
		C8AC145A284EF9ED00E6FC1E /* Frameworks */ = {
			isa = PBXFrameworksBuildPhase;
			buildActionMask = 2147483647;
			files = (
				26B274B9421EDBA7302DE8A5 /* Pods_TBT.framework in Frameworks */,
			);
			runOnlyForDeploymentPostprocessing = 0;
		};
/* End PBXFrameworksBuildPhase section */

/* Begin PBXGroup section */
		0185A011FB006501041BCFCD /* Frameworks */ = {
			isa = PBXGroup;
			children = (
				3E84C446F20891F818070D3B /* Pods_TBT.framework */,
			);
			name = Frameworks;
			sourceTree = "<group>";
		};
		941ECA4D1ABD54622AA55339 /* Pods */ = {
			isa = PBXGroup;
			children = (
				6BFF4C7909C63E3698D3488B /* Pods-TBT.debug.xcconfig */,
				56D5C00607CD02F0F319C6AB /* Pods-TBT.release.xcconfig */,
			);
			path = Pods;
			sourceTree = "<group>";
		};
		C8AC1454284EF9ED00E6FC1E = {
			isa = PBXGroup;
			children = (
				C8AC145F284EF9ED00E6FC1E /* TBT */,
				C8AC145E284EF9ED00E6FC1E /* Products */,
				941ECA4D1ABD54622AA55339 /* Pods */,
				0185A011FB006501041BCFCD /* Frameworks */,
			);
			sourceTree = "<group>";
		};
		C8AC145E284EF9ED00E6FC1E /* Products */ = {
			isa = PBXGroup;
			children = (
				C8AC145D284EF9ED00E6FC1E /* TBT.app */,
			);
			name = Products;
			sourceTree = "<group>";
		};
		C8AC145F284EF9ED00E6FC1E /* TBT */ = {
			isa = PBXGroup;
			children = (
				C8AC1482284F257400E6FC1E /* APPInterface */,
				C8AC147F284F03E300E6FC1E /* APPDelegate */,
				C8AC1481284F03F900E6FC1E /* Assets */,
				C8AC1480284F03EF00E6FC1E /* MainVC */,
				C8AC147E284F03CE00E6FC1E /* SupportFile */,
			);
			path = TBT;
			sourceTree = "<group>";
		};
		C8AC147E284F03CE00E6FC1E /* SupportFile */ = {
			isa = PBXGroup;
			children = (
				C8AC147C284EFB6200E6FC1E /* Main.storyboard */,
				C8AC146E284EF9EF00E6FC1E /* LaunchScreen.storyboard */,
				C8AC1471284EF9EF00E6FC1E /* Info.plist */,
				C8AC1472284EF9EF00E6FC1E /* main.m */,
			);
			path = SupportFile;
			sourceTree = "<group>";
		};
		C8AC147F284F03E300E6FC1E /* APPDelegate */ = {
			isa = PBXGroup;
			children = (
				C8AC1460284EF9ED00E6FC1E /* AppDelegate.h */,
				C8AC1461284EF9ED00E6FC1E /* AppDelegate.m */,
			);
			path = APPDelegate;
			sourceTree = "<group>";
		};
		C8AC1480284F03EF00E6FC1E /* MainVC */ = {
			isa = PBXGroup;
			children = (
				C8AC1479284EFA7A00E6FC1E /* TBTMainViewController.h */,
				C8AC147A284EFA7B00E6FC1E /* TBTMainViewController.m */,
			);
			path = MainVC;
			sourceTree = "<group>";
		};
		C8AC1481284F03F900E6FC1E /* Assets */ = {
			isa = PBXGroup;
			children = (
				C8AC146C284EF9EF00E6FC1E /* Assets.xcassets */,
			);
			path = Assets;
			sourceTree = "<group>";
		};
		C8AC1482284F257400E6FC1E /* APPInterface */ = {
			isa = PBXGroup;
			children = (
				C8AC1483284F259E00E6FC1E /* TBTInterfaceHeader.h */,
			);
			path = APPInterface;
			sourceTree = "<group>";
		};
/* End PBXGroup section */

/* Begin PBXNativeTarget section */
		C8AC145C284EF9ED00E6FC1E /* TBT */ = {
			isa = PBXNativeTarget;
			buildConfigurationList = C8AC1476284EF9EF00E6FC1E /* Build configuration list for PBXNativeTarget "TBT" */;
			buildPhases = (
				AED2A27211332D541668E940 /* [CP] Check Pods Manifest.lock */,
				C8AC1459284EF9ED00E6FC1E /* Sources */,
				C8AC145A284EF9ED00E6FC1E /* Frameworks */,
				C8AC145B284EF9ED00E6FC1E /* Resources */,
				E05BCA68627709E0D37C7307 /* [CP] Embed Pods Frameworks */,
			);
			buildRules = (
			);
			dependencies = (
			);
			name = TBT;
			productName = TBT;
			productReference = C8AC145D284EF9ED00E6FC1E /* TBT.app */;
			productType = "com.apple.product-type.application";
		};
/* End PBXNativeTarget section */

/* Begin PBXProject section */
		C8AC1455284EF9ED00E6FC1E /* Project object */ = {
			isa = PBXProject;
			attributes = {
				BuildIndependentTargetsInParallel = 1;
				CLASSPREFIX = TBT;
				LastUpgradeCheck = 1340;
				TargetAttributes = {
					C8AC145C284EF9ED00E6FC1E = {
						CreatedOnToolsVersion = 13.4.1;
					};
				};
			};
			buildConfigurationList = C8AC1458284EF9ED00E6FC1E /* Build configuration list for PBXProject "TBT" */;
			compatibilityVersion = "Xcode 13.0";
			developmentRegion = en;
			hasScannedForEncodings = 0;
			knownRegions = (
				en,
				Base,
			);
			mainGroup = C8AC1454284EF9ED00E6FC1E;
			productRefGroup = C8AC145E284EF9ED00E6FC1E /* Products */;
			projectDirPath = "";
			projectRoot = "";
			targets = (
				C8AC145C284EF9ED00E6FC1E /* TBT */,
			);
		};
/* End PBXProject section */

/* Begin PBXResourcesBuildPhase section */
		C8AC145B284EF9ED00E6FC1E /* Resources */ = {
			isa = PBXResourcesBuildPhase;
			buildActionMask = 2147483647;
			files = (
				C8AC1470284EF9EF00E6FC1E /* LaunchScreen.storyboard in Resources */,
				C8AC146D284EF9EF00E6FC1E /* Assets.xcassets in Resources */,
				C8AC147D284EFB6200E6FC1E /* Main.storyboard in Resources */,
			);
			runOnlyForDeploymentPostprocessing = 0;
		};
/* End PBXResourcesBuildPhase section */

/* Begin PBXShellScriptBuildPhase section */
		AED2A27211332D541668E940 /* [CP] Check Pods Manifest.lock */ = {
			isa = PBXShellScriptBuildPhase;
			buildActionMask = 2147483647;
			files = (
			);
			inputFileListPaths = (
			);
			inputPaths = (
				"${PODS_PODFILE_DIR_PATH}/Podfile.lock",
				"${PODS_ROOT}/Manifest.lock",
			);
			name = "[CP] Check Pods Manifest.lock";
			outputFileListPaths = (
			);
			outputPaths = (
				"$(DERIVED_FILE_DIR)/Pods-TBT-checkManifestLockResult.txt",
			);
			runOnlyForDeploymentPostprocessing = 0;
			shellPath = /bin/sh;
			shellScript = "diff \"${PODS_PODFILE_DIR_PATH}/Podfile.lock\" \"${PODS_ROOT}/Manifest.lock\" > /dev/null\nif [ $? != 0 ] ; then\n    # print error to STDERR\n    echo \"error: The sandbox is not in sync with the Podfile.lock. Run 'pod install' or update your CocoaPods installation.\" >&2\n    exit 1\nfi\n# This output is used by Xcode 'outputs' to avoid re-running this script phase.\necho \"SUCCESS\" > \"${SCRIPT_OUTPUT_FILE_0}\"\n";
			showEnvVarsInLog = 0;
		};
		E05BCA68627709E0D37C7307 /* [CP] Embed Pods Frameworks */ = {
			isa = PBXShellScriptBuildPhase;
			buildActionMask = 2147483647;
			files = (
			);
			inputFileListPaths = (
				"${PODS_ROOT}/Target Support Files/Pods-TBT/Pods-TBT-frameworks-${CONFIGURATION}-input-files.xcfilelist",
			);
			name = "[CP] Embed Pods Frameworks";
			outputFileListPaths = (
				"${PODS_ROOT}/Target Support Files/Pods-TBT/Pods-TBT-frameworks-${CONFIGURATION}-output-files.xcfilelist",
			);
			runOnlyForDeploymentPostprocessing = 0;
			shellPath = /bin/sh;
			shellScript = "\"${PODS_ROOT}/Target Support Files/Pods-TBT/Pods-TBT-frameworks.sh\"\n";
			showEnvVarsInLog = 0;
		};
/* End PBXShellScriptBuildPhase section */

/* Begin PBXSourcesBuildPhase section */
		C8AC1459284EF9ED00E6FC1E /* Sources */ = {
			isa = PBXSourcesBuildPhase;
			buildActionMask = 2147483647;
			files = (
				C8AC1462284EF9ED00E6FC1E /* AppDelegate.m in Sources */,
				C8AC1473284EF9EF00E6FC1E /* main.m in Sources */,
				C8AC147B284EFA7B00E6FC1E /* TBTMainViewController.m in Sources */,
			);
			runOnlyForDeploymentPostprocessing = 0;
		};
/* End PBXSourcesBuildPhase section */

/* Begin PBXVariantGroup section */
		C8AC146E284EF9EF00E6FC1E /* LaunchScreen.storyboard */ = {
			isa = PBXVariantGroup;
			children = (
				C8AC146F284EF9EF00E6FC1E /* Base */,
			);
			name = LaunchScreen.storyboard;
			sourceTree = "<group>";
		};
/* End PBXVariantGroup section */

/* Begin XCBuildConfiguration section */
		C8AC1474284EF9EF00E6FC1E /* Debug */ = {
			isa = XCBuildConfiguration;
			buildSettings = {
				ALWAYS_SEARCH_USER_PATHS = NO;
				CLANG_ANALYZER_NONNULL = YES;
				CLANG_ANALYZER_NUMBER_OBJECT_CONVERSION = YES_AGGRESSIVE;
				CLANG_CXX_LANGUAGE_STANDARD = "gnu++17";
				CLANG_ENABLE_MODULES = YES;
				CLANG_ENABLE_OBJC_ARC = YES;
				CLANG_ENABLE_OBJC_WEAK = YES;
				CLANG_WARN_BLOCK_CAPTURE_AUTORELEASING = YES;
				CLANG_WARN_BOOL_CONVERSION = YES;
				CLANG_WARN_COMMA = YES;
				CLANG_WARN_CONSTANT_CONVERSION = YES;
				CLANG_WARN_DEPRECATED_OBJC_IMPLEMENTATIONS = YES;
				CLANG_WARN_DIRECT_OBJC_ISA_USAGE = YES_ERROR;
				CLANG_WARN_DOCUMENTATION_COMMENTS = YES;
				CLANG_WARN_EMPTY_BODY = YES;
				CLANG_WARN_ENUM_CONVERSION = YES;
				CLANG_WARN_INFINITE_RECURSION = YES;
				CLANG_WARN_INT_CONVERSION = YES;
				CLANG_WARN_NON_LITERAL_NULL_CONVERSION = YES;
				CLANG_WARN_OBJC_IMPLICIT_RETAIN_SELF = YES;
				CLANG_WARN_OBJC_LITERAL_CONVERSION = YES;
				CLANG_WARN_OBJC_ROOT_CLASS = YES_ERROR;
				CLANG_WARN_QUOTED_INCLUDE_IN_FRAMEWORK_HEADER = YES;
				CLANG_WARN_RANGE_LOOP_ANALYSIS = YES;
				CLANG_WARN_STRICT_PROTOTYPES = YES;
				CLANG_WARN_SUSPICIOUS_MOVE = YES;
				CLANG_WARN_UNGUARDED_AVAILABILITY = YES_AGGRESSIVE;
				CLANG_WARN_UNREACHABLE_CODE = YES;
				CLANG_WARN__DUPLICATE_METHOD_MATCH = YES;
				COPY_PHASE_STRIP = NO;
				DEBUG_INFORMATION_FORMAT = dwarf;
				ENABLE_STRICT_OBJC_MSGSEND = YES;
				ENABLE_TESTABILITY = YES;
				GCC_C_LANGUAGE_STANDARD = gnu11;
				GCC_DYNAMIC_NO_PIC = NO;
				GCC_NO_COMMON_BLOCKS = YES;
				GCC_OPTIMIZATION_LEVEL = 0;
				GCC_PREPROCESSOR_DEFINITIONS = (
					"DEBUG=1",
					"$(inherited)",
				);
				GCC_WARN_64_TO_32_BIT_CONVERSION = YES;
				GCC_WARN_ABOUT_RETURN_TYPE = YES_ERROR;
				GCC_WARN_UNDECLARED_SELECTOR = YES;
				GCC_WARN_UNINITIALIZED_AUTOS = YES_AGGRESSIVE;
				GCC_WARN_UNUSED_FUNCTION = YES;
				GCC_WARN_UNUSED_VARIABLE = YES;
				IPHONEOS_DEPLOYMENT_TARGET = 15.5;
				MTL_ENABLE_DEBUG_INFO = INCLUDE_SOURCE;
				MTL_FAST_MATH = YES;
				ONLY_ACTIVE_ARCH = YES;
				SDKROOT = iphoneos;
			};
			name = Debug;
		};
		C8AC1475284EF9EF00E6FC1E /* Release */ = {
			isa = XCBuildConfiguration;
			buildSettings = {
				ALWAYS_SEARCH_USER_PATHS = NO;
				CLANG_ANALYZER_NONNULL = YES;
				CLANG_ANALYZER_NUMBER_OBJECT_CONVERSION = YES_AGGRESSIVE;
				CLANG_CXX_LANGUAGE_STANDARD = "gnu++17";
				CLANG_ENABLE_MODULES = YES;
				CLANG_ENABLE_OBJC_ARC = YES;
				CLANG_ENABLE_OBJC_WEAK = YES;
				CLANG_WARN_BLOCK_CAPTURE_AUTORELEASING = YES;
				CLANG_WARN_BOOL_CONVERSION = YES;
				CLANG_WARN_COMMA = YES;
				CLANG_WARN_CONSTANT_CONVERSION = YES;
				CLANG_WARN_DEPRECATED_OBJC_IMPLEMENTATIONS = YES;
				CLANG_WARN_DIRECT_OBJC_ISA_USAGE = YES_ERROR;
				CLANG_WARN_DOCUMENTATION_COMMENTS = YES;
				CLANG_WARN_EMPTY_BODY = YES;
				CLANG_WARN_ENUM_CONVERSION = YES;
				CLANG_WARN_INFINITE_RECURSION = YES;
				CLANG_WARN_INT_CONVERSION = YES;
				CLANG_WARN_NON_LITERAL_NULL_CONVERSION = YES;
				CLANG_WARN_OBJC_IMPLICIT_RETAIN_SELF = YES;
				CLANG_WARN_OBJC_LITERAL_CONVERSION = YES;
				CLANG_WARN_OBJC_ROOT_CLASS = YES_ERROR;
				CLANG_WARN_QUOTED_INCLUDE_IN_FRAMEWORK_HEADER = YES;
				CLANG_WARN_RANGE_LOOP_ANALYSIS = YES;
				CLANG_WARN_STRICT_PROTOTYPES = YES;
				CLANG_WARN_SUSPICIOUS_MOVE = YES;
				CLANG_WARN_UNGUARDED_AVAILABILITY = YES_AGGRESSIVE;
				CLANG_WARN_UNREACHABLE_CODE = YES;
				CLANG_WARN__DUPLICATE_METHOD_MATCH = YES;
				COPY_PHASE_STRIP = NO;
				DEBUG_INFORMATION_FORMAT = "dwarf-with-dsym";
				ENABLE_NS_ASSERTIONS = NO;
				ENABLE_STRICT_OBJC_MSGSEND = YES;
				GCC_C_LANGUAGE_STANDARD = gnu11;
				GCC_NO_COMMON_BLOCKS = YES;
				GCC_WARN_64_TO_32_BIT_CONVERSION = YES;
				GCC_WARN_ABOUT_RETURN_TYPE = YES_ERROR;
				GCC_WARN_UNDECLARED_SELECTOR = YES;
				GCC_WARN_UNINITIALIZED_AUTOS = YES_AGGRESSIVE;
				GCC_WARN_UNUSED_FUNCTION = YES;
				GCC_WARN_UNUSED_VARIABLE = YES;
				IPHONEOS_DEPLOYMENT_TARGET = 15.5;
				MTL_ENABLE_DEBUG_INFO = NO;
				MTL_FAST_MATH = YES;
				SDKROOT = iphoneos;
				VALIDATE_PRODUCT = YES;
			};
			name = Release;
		};
		C8AC1477284EF9EF00E6FC1E /* Debug */ = {
			isa = XCBuildConfiguration;
			baseConfigurationReference = 6BFF4C7909C63E3698D3488B /* Pods-TBT.debug.xcconfig */;
			buildSettings = {
				ASSETCATALOG_COMPILER_APPICON_NAME = AppIcon;
				ASSETCATALOG_COMPILER_GLOBAL_ACCENT_COLOR_NAME = AccentColor;
				CODE_SIGN_STYLE = Automatic;
				CURRENT_PROJECT_VERSION = 1;
				DEVELOPMENT_TEAM = 8HR7KN9336;
				GENERATE_INFOPLIST_FILE = YES;
				INFOPLIST_FILE = TBT/SupportFile/Info.plist;
				INFOPLIST_KEY_UIApplicationSupportsIndirectInputEvents = YES;
				INFOPLIST_KEY_UILaunchStoryboardName = LaunchScreen;
				INFOPLIST_KEY_UIMainStoryboardFile = Main;
				INFOPLIST_KEY_UISupportedInterfaceOrientations_iPad = "UIInterfaceOrientationPortrait UIInterfaceOrientationPortraitUpsideDown UIInterfaceOrientationLandscapeLeft UIInterfaceOrientationLandscapeRight";
				INFOPLIST_KEY_UISupportedInterfaceOrientations_iPhone = "UIInterfaceOrientationPortrait UIInterfaceOrientationLandscapeLeft UIInterfaceOrientationLandscapeRight";
				IPHONEOS_DEPLOYMENT_TARGET = 9.0;
				LD_RUNPATH_SEARCH_PATHS = (
					"$(inherited)",
					"@executable_path/Frameworks",
				);
				MARKETING_VERSION = 1.0;
				PRODUCT_BUNDLE_IDENTIFIER = LRCY.TBT;
				PRODUCT_NAME = "$(TARGET_NAME)";
				SWIFT_EMIT_LOC_STRINGS = YES;
				TARGETED_DEVICE_FAMILY = 1;
			};
			name = Debug;
		};
		C8AC1478284EF9EF00E6FC1E /* Release */ = {
			isa = XCBuildConfiguration;
			baseConfigurationReference = 56D5C00607CD02F0F319C6AB /* Pods-TBT.release.xcconfig */;
			buildSettings = {
				ASSETCATALOG_COMPILER_APPICON_NAME = AppIcon;
				ASSETCATALOG_COMPILER_GLOBAL_ACCENT_COLOR_NAME = AccentColor;
				CODE_SIGN_STYLE = Automatic;
				CURRENT_PROJECT_VERSION = 1;
				DEVELOPMENT_TEAM = 8HR7KN9336;
				GENERATE_INFOPLIST_FILE = YES;
				INFOPLIST_FILE = TBT/SupportFile/Info.plist;
				INFOPLIST_KEY_UIApplicationSupportsIndirectInputEvents = YES;
				INFOPLIST_KEY_UILaunchStoryboardName = LaunchScreen;
				INFOPLIST_KEY_UIMainStoryboardFile = Main;
				INFOPLIST_KEY_UISupportedInterfaceOrientations_iPad = "UIInterfaceOrientationPortrait UIInterfaceOrientationPortraitUpsideDown UIInterfaceOrientationLandscapeLeft UIInterfaceOrientationLandscapeRight";
				INFOPLIST_KEY_UISupportedInterfaceOrientations_iPhone = "UIInterfaceOrientationPortrait UIInterfaceOrientationLandscapeLeft UIInterfaceOrientationLandscapeRight";
				IPHONEOS_DEPLOYMENT_TARGET = 9.0;
				LD_RUNPATH_SEARCH_PATHS = (
					"$(inherited)",
					"@executable_path/Frameworks",
				);
				MARKETING_VERSION = 1.0;
				PRODUCT_BUNDLE_IDENTIFIER = LRCY.TBT;
				PRODUCT_NAME = "$(TARGET_NAME)";
				SWIFT_EMIT_LOC_STRINGS = YES;
				TARGETED_DEVICE_FAMILY = 1;
			};
			name = Release;
		};
/* End XCBuildConfiguration section */

/* Begin XCConfigurationList section */
		C8AC1458284EF9ED00E6FC1E /* Build configuration list for PBXProject "TBT" */ = {
			isa = XCConfigurationList;
			buildConfigurations = (
				C8AC1474284EF9EF00E6FC1E /* Debug */,
				C8AC1475284EF9EF00E6FC1E /* Release */,
			);
			defaultConfigurationIsVisible = 0;
			defaultConfigurationName = Release;
		};
		C8AC1476284EF9EF00E6FC1E /* Build configuration list for PBXNativeTarget "TBT" */ = {
			isa = XCConfigurationList;
			buildConfigurations = (
				C8AC1477284EF9EF00E6FC1E /* Debug */,
				C8AC1478284EF9EF00E6FC1E /* Release */,
			);
			defaultConfigurationIsVisible = 0;
			defaultConfigurationName = Release;
		};
/* End XCConfigurationList section */
	};
	rootObject = C8AC1455284EF9ED00E6FC1E /* Project object */;
}
